
Microsoft Visual Studio Solution File, Format Version 12.00
# Visual Studio Version 17
VisualStudioVersion = 17.2.32526.322
MinimumVisualStudioVersion = 10.0.40219.1
Project("{FAE04EC0-301F-11D3-BF4B-00C04F79EFBC}") = "Infobez.Task1", "Infobez.Task1\Infobez.Task1.csproj", "{29EB7B62-C4CC-4C88-A6B4-EDF857314A24}"
EndProject
Global
	GlobalSection(SolutionConfigurationPlatforms) = preSolution
		Debug|Any CPU = Debug|Any CPU
		Release|Any CPU = Release|Any CPU
	EndGlobalSection
	GlobalSection(ProjectConfigurationPlatforms) = postSolution
		{29EB7B62-C4CC-4C88-A6B4-EDF857314A24}.Debug|Any CPU.ActiveCfg = Debug|Any CPU
		{29EB7B62-C4CC-4C88-A6B4-EDF857314A24}.Debug|Any CPU.Build.0 = Debug|Any CPU
		{29EB7B62-C4CC-4C88-A6B4-EDF857314A24}.Release|Any CPU.ActiveCfg = Release|Any CPU
		{29EB7B62-C4CC-4C88-A6B4-EDF857314A24}.Release|Any CPU.Build.0 = Release|Any CPU
	EndGlobalSection
	GlobalSection(SolutionProperties) = preSolution
		HideSolutionNode = FALSE
	EndGlobalSection
	GlobalSection(ExtensibilityGlobals) = postSolution
		SolutionGuid = {30A7B840-A587-4749-AD6C-89CE42DB74BB}
	EndGlobalSection
EndGlobal
